
Microsoft Visual Studio Solution File, Format Version 12.00
# Visual Studio 15
VisualStudioVersion = 15.0.28307.271
MinimumVisualStudioVersion = 10.0.40219.1
Project("{888888A0-9F3D-457C-B088-3A5042F75D52}") = "Stitcher_Method", "Stitcher_Method.pyproj", "{76220DB8-BD71-4A72-86A9-2FBDA1EA2EE8}"
EndProject
Global
	GlobalSection(SolutionConfigurationPlatforms) = preSolution
		Debug|Any CPU = Debug|Any CPU
		Release|Any CPU = Release|Any CPU
	EndGlobalSection
	GlobalSection(ProjectConfigurationPlatforms) = postSolution
		{76220DB8-BD71-4A72-86A9-2FBDA1EA2EE8}.Debug|Any CPU.ActiveCfg = Debug|Any CPU
		{76220DB8-BD71-4A72-86A9-2FBDA1EA2EE8}.Release|Any CPU.ActiveCfg = Release|Any CPU
	EndGlobalSection
	GlobalSection(SolutionProperties) = preSolution
		HideSolutionNode = FALSE
	EndGlobalSection
	GlobalSection(ExtensibilityGlobals) = postSolution
		SolutionGuid = {D678EA8A-1C93-44C1-81D8-9378489B564C}
	EndGlobalSection
EndGlobal
